
Microsoft Visual Studio Solution File, Format Version 12.00
# Visual Studio Version 16
VisualStudioVersion = 16.0.31005.135
MinimumVisualStudioVersion = 10.0.40219.1
Project("{FAE04EC0-301F-11D3-BF4B-00C04F79EFBC}") = "BeFriendServer", "BeFriendServer\BeFriendServer.csproj", "{D6755196-E49D-4952-B6F8-3746B549B733}"
EndProject
Global
	GlobalSection(SolutionConfigurationPlatforms) = preSolution
		Debug|Any CPU = Debug|Any CPU
		Release|Any CPU = Release|Any CPU
	EndGlobalSection
	GlobalSection(ProjectConfigurationPlatforms) = postSolution
		{D6755196-E49D-4952-B6F8-3746B549B733}.Debug|Any CPU.ActiveCfg = Debug|Any CPU
		{D6755196-E49D-4952-B6F8-3746B549B733}.Debug|Any CPU.Build.0 = Debug|Any CPU
		{D6755196-E49D-4952-B6F8-3746B549B733}.Release|Any CPU.ActiveCfg = Release|Any CPU
		{D6755196-E49D-4952-B6F8-3746B549B733}.Release|Any CPU.Build.0 = Release|Any CPU
	EndGlobalSection
	GlobalSection(SolutionProperties) = preSolution
		HideSolutionNode = FALSE
	EndGlobalSection
	GlobalSection(ExtensibilityGlobals) = postSolution
		SolutionGuid = {583F1987-83B9-41FA-A236-775DBC564355}
	EndGlobalSection
EndGlobal
